
Microsoft Visual Studio Solution File, Format Version 12.00
# Visual Studio Version 17
VisualStudioVersion = 17.0.31903.59
MinimumVisualStudioVersion = 10.0.40219.1
Project("{FAE04EC0-301F-11D3-BF4B-00C04F79EFBC}") = "Compagnon", "Compagnon\Compagnon.csproj", "{A36BBFE1-4CD3-401F-9196-BD42678CD214}"
EndProject
Project("{FAE04EC0-301F-11D3-BF4B-00C04F79EFBC}") = "HttpServer", "HttpServer\HttpServer.csproj", "{96500AF8-873E-4464-9C3B-B1E37AE221AA}"
EndProject
Global
	GlobalSection(SolutionConfigurationPlatforms) = preSolution
		Debug|Any CPU = Debug|Any CPU
		Release|Any CPU = Release|Any CPU
	EndGlobalSection
	GlobalSection(SolutionProperties) = preSolution
		HideSolutionNode = FALSE
	EndGlobalSection
	GlobalSection(ProjectConfigurationPlatforms) = postSolution
		{A36BBFE1-4CD3-401F-9196-BD42678CD214}.Debug|Any CPU.ActiveCfg = Debug|Any CPU
		{A36BBFE1-4CD3-401F-9196-BD42678CD214}.Debug|Any CPU.Build.0 = Debug|Any CPU
		{A36BBFE1-4CD3-401F-9196-BD42678CD214}.Release|Any CPU.ActiveCfg = Release|Any CPU
		{A36BBFE1-4CD3-401F-9196-BD42678CD214}.Release|Any CPU.Build.0 = Release|Any CPU
		{96500AF8-873E-4464-9C3B-B1E37AE221AA}.Debug|Any CPU.ActiveCfg = Debug|Any CPU
		{96500AF8-873E-4464-9C3B-B1E37AE221AA}.Debug|Any CPU.Build.0 = Debug|Any CPU
		{96500AF8-873E-4464-9C3B-B1E37AE221AA}.Release|Any CPU.ActiveCfg = Release|Any CPU
		{96500AF8-873E-4464-9C3B-B1E37AE221AA}.Release|Any CPU.Build.0 = Release|Any CPU
	EndGlobalSection
EndGlobal
